// !$*UTF8*$!
{
	archiveVersion = 1;
	classes = {
	};
	objectVersion = 55;
	objects = {

/* Begin PBXBuildFile section */
		8B75FB5428131F0E006CD80D /* AppDelegate.swift in Sources */ = {isa = PBXBuildFile; fileRef = 8B75FB5328131F0E006CD80D /* AppDelegate.swift */; };
		8B75FB5628131F0E006CD80D /* SceneDelegate.swift in Sources */ = {isa = PBXBuildFile; fileRef = 8B75FB5528131F0E006CD80D /* SceneDelegate.swift */; };
		8B75FB5828131F0E006CD80D /* ViewController.swift in Sources */ = {isa = PBXBuildFile; fileRef = 8B75FB5728131F0E006CD80D /* ViewController.swift */; };
		8B75FB5B28131F0E006CD80D /* Main.storyboard in Resources */ = {isa = PBXBuildFile; fileRef = 8B75FB5928131F0E006CD80D /* Main.storyboard */; };
		8B75FB5D28131F11006CD80D /* Assets.xcassets in Resources */ = {isa = PBXBuildFile; fileRef = 8B75FB5C28131F11006CD80D /* Assets.xcassets */; };
		8B75FB6028131F11006CD80D /* LaunchScreen.storyboard in Resources */ = {isa = PBXBuildFile; fileRef = 8B75FB5E28131F11006CD80D /* LaunchScreen.storyboard */; };
		8B75FB6B28131F11006CD80D /* StrategistReaderTests.swift in Sources */ = {isa = PBXBuildFile; fileRef = 8B75FB6A28131F11006CD80D /* StrategistReaderTests.swift */; };
		8B75FB7528131F11006CD80D /* StrategistReaderUITests.swift in Sources */ = {isa = PBXBuildFile; fileRef = 8B75FB7428131F11006CD80D /* StrategistReaderUITests.swift */; };
		8B75FB7728131F11006CD80D /* StrategistReaderUITestsLaunchTests.swift in Sources */ = {isa = PBXBuildFile; fileRef = 8B75FB7628131F11006CD80D /* StrategistReaderUITestsLaunchTests.swift */; };
/* End PBXBuildFile section */

/* Begin PBXContainerItemProxy section */
		8B75FB6728131F11006CD80D /* PBXContainerItemProxy */ = {
			isa = PBXContainerItemProxy;
			containerPortal = 8B75FB4828131F0E006CD80D /* Project object */;
			proxyType = 1;
			remoteGlobalIDString = 8B75FB4F28131F0E006CD80D;
			remoteInfo = StrategistReader;
		};
		8B75FB7128131F11006CD80D /* PBXContainerItemProxy */ = {
			isa = PBXContainerItemProxy;
			containerPortal = 8B75FB4828131F0E006CD80D /* Project object */;
			proxyType = 1;
			remoteGlobalIDString = 8B75FB4F28131F0E006CD80D;
			remoteInfo = StrategistReader;
		};
/* End PBXContainerItemProxy section */

/* Begin PBXFileReference section */
		8B75FB5028131F0E006CD80D /* StrategistReader.app */ = {isa = PBXFileReference; explicitFileType = wrapper.application; includeInIndex = 0; path = StrategistReader.app; sourceTree = BUILT_PRODUCTS_DIR; };
		8B75FB5328131F0E006CD80D /* AppDelegate.swift */ = {isa = PBXFileReference; lastKnownFileType = sourcecode.swift; path = AppDelegate.swift; sourceTree = "<group>"; };
		8B75FB5528131F0E006CD80D /* SceneDelegate.swift */ = {isa = PBXFileReference; lastKnownFileType = sourcecode.swift; path = SceneDelegate.swift; sourceTree = "<group>"; };
		8B75FB5728131F0E006CD80D /* ViewController.swift */ = {isa = PBXFileReference; lastKnownFileType = sourcecode.swift; path = ViewController.swift; sourceTree = "<group>"; };
		8B75FB5A28131F0E006CD80D /* Base */ = {isa = PBXFileReference; lastKnownFileType = file.storyboard; name = Base; path = Base.lproj/Main.storyboard; sourceTree = "<group>"; };
		8B75FB5C28131F11006CD80D /* Assets.xcassets */ = {isa = PBXFileReference; lastKnownFileType = folder.assetcatalog; path = Assets.xcassets; sourceTree = "<group>"; };
		8B75FB5F28131F11006CD80D /* Base */ = {isa = PBXFileReference; lastKnownFileType = file.storyboard; name = Base; path = Base.lproj/LaunchScreen.storyboard; sourceTree = "<group>"; };
		8B75FB6128131F11006CD80D /* Info.plist */ = {isa = PBXFileReference; lastKnownFileType = text.plist.xml; path = Info.plist; sourceTree = "<group>"; };
		8B75FB6628131F11006CD80D /* StrategistReaderTests.xctest */ = {isa = PBXFileReference; explicitFileType = wrapper.cfbundle; includeInIndex = 0; path = StrategistReaderTests.xctest; sourceTree = BUILT_PRODUCTS_DIR; };
		8B75FB6A28131F11006CD80D /* StrategistReaderTests.swift */ = {isa = PBXFileReference; lastKnownFileType = sourcecode.swift; path = StrategistReaderTests.swift; sourceTree = "<group>"; };
		8B75FB7028131F11006CD80D /* StrategistReaderUITests.xctest */ = {isa = PBXFileReference; explicitFileType = wrapper.cfbundle; includeInIndex = 0; path = StrategistReaderUITests.xctest; sourceTree = BUILT_PRODUCTS_DIR; };
		8B75FB7428131F11006CD80D /* StrategistReaderUITests.swift */ = {isa = PBXFileReference; lastKnownFileType = sourcecode.swift; path = StrategistReaderUITests.swift; sourceTree = "<group>"; };
		8B75FB7628131F11006CD80D /* StrategistReaderUITestsLaunchTests.swift */ = {isa = PBXFileReference; lastKnownFileType = sourcecode.swift; path = StrategistReaderUITestsLaunchTests.swift; sourceTree = "<group>"; };
/* End PBXFileReference section */

/* Begin PBXFrameworksBuildPhase section */
		8B75FB4D28131F0E006CD80D /* Frameworks */ = {
			isa = PBXFrameworksBuildPhase;
			buildActionMask = 2147483647;
			files = (
			);
			runOnlyForDeploymentPostprocessing = 0;
		};
		8B75FB6328131F11006CD80D /* Frameworks */ = {
			isa = PBXFrameworksBuildPhase;
			buildActionMask = 2147483647;
			files = (
			);
			runOnlyForDeploymentPostprocessing = 0;
		};
		8B75FB6D28131F11006CD80D /* Frameworks */ = {
			isa = PBXFrameworksBuildPhase;
			buildActionMask = 2147483647;
			files = (
			);
			runOnlyForDeploymentPostprocessing = 0;
		};
/* End PBXFrameworksBuildPhase section */

/* Begin PBXGroup section */
		8B75FB4728131F0E006CD80D = {
			isa = PBXGroup;
			children = (
				8B75FB5228131F0E006CD80D /* StrategistReader */,
				8B75FB6928131F11006CD80D /* StrategistReaderTests */,
				8B75FB7328131F11006CD80D /* StrategistReaderUITests */,
				8B75FB5128131F0E006CD80D /* Products */,
			);
			sourceTree = "<group>";
		};
		8B75FB5128131F0E006CD80D /* Products */ = {
			isa = PBXGroup;
			children = (
				8B75FB5028131F0E006CD80D /* StrategistReader.app */,
				8B75FB6628131F11006CD80D /* StrategistReaderTests.xctest */,
				8B75FB7028131F11006CD80D /* StrategistReaderUITests.xctest */,
			);
			name = Products;
			sourceTree = "<group>";
		};
		8B75FB5228131F0E006CD80D /* StrategistReader */ = {
			isa = PBXGroup;
			children = (
				8B75FB5328131F0E006CD80D /* AppDelegate.swift */,
				8B75FB5528131F0E006CD80D /* SceneDelegate.swift */,
				8B75FB5728131F0E006CD80D /* ViewController.swift */,
				8B75FB5928131F0E006CD80D /* Main.storyboard */,
				8B75FB5C28131F11006CD80D /* Assets.xcassets */,
				8B75FB5E28131F11006CD80D /* LaunchScreen.storyboard */,
				8B75FB6128131F11006CD80D /* Info.plist */,
			);
			path = StrategistReader;
			sourceTree = "<group>";
		};
		8B75FB6928131F11006CD80D /* StrategistReaderTests */ = {
			isa = PBXGroup;
			children = (
				8B75FB6A28131F11006CD80D /* StrategistReaderTests.swift */,
			);
			path = StrategistReaderTests;
			sourceTree = "<group>";
		};
		8B75FB7328131F11006CD80D /* StrategistReaderUITests */ = {
			isa = PBXGroup;
			children = (
				8B75FB7428131F11006CD80D /* StrategistReaderUITests.swift */,
				8B75FB7628131F11006CD80D /* StrategistReaderUITestsLaunchTests.swift */,
			);
			path = StrategistReaderUITests;
			sourceTree = "<group>";
		};
/* End PBXGroup section */

/* Begin PBXNativeTarget section */
		8B75FB4F28131F0E006CD80D /* StrategistReader */ = {
			isa = PBXNativeTarget;
			buildConfigurationList = 8B75FB7A28131F11006CD80D /* Build configuration list for PBXNativeTarget "StrategistReader" */;
			buildPhases = (
				8B75FB4C28131F0E006CD80D /* Sources */,
				8B75FB4D28131F0E006CD80D /* Frameworks */,
				8B75FB4E28131F0E006CD80D /* Resources */,
			);
			buildRules = (
			);
			dependencies = (
			);
			name = StrategistReader;
			productName = StrategistReader;
			productReference = 8B75FB5028131F0E006CD80D /* StrategistReader.app */;
			productType = "com.apple.product-type.application";
		};
		8B75FB6528131F11006CD80D /* StrategistReaderTests */ = {
			isa = PBXNativeTarget;
			buildConfigurationList = 8B75FB7D28131F11006CD80D /* Build configuration list for PBXNativeTarget "StrategistReaderTests" */;
			buildPhases = (
				8B75FB6228131F11006CD80D /* Sources */,
				8B75FB6328131F11006CD80D /* Frameworks */,
				8B75FB6428131F11006CD80D /* Resources */,
			);
			buildRules = (
			);
			dependencies = (
				8B75FB6828131F11006CD80D /* PBXTargetDependency */,
			);
			name = StrategistReaderTests;
			productName = StrategistReaderTests;
			productReference = 8B75FB6628131F11006CD80D /* StrategistReaderTests.xctest */;
			productType = "com.apple.product-type.bundle.unit-test";
		};
		8B75FB6F28131F11006CD80D /* StrategistReaderUITests */ = {
			isa = PBXNativeTarget;
			buildConfigurationList = 8B75FB8028131F11006CD80D /* Build configuration list for PBXNativeTarget "StrategistReaderUITests" */;
			buildPhases = (
				8B75FB6C28131F11006CD80D /* Sources */,
				8B75FB6D28131F11006CD80D /* Frameworks */,
				8B75FB6E28131F11006CD80D /* Resources */,
			);
			buildRules = (
			);
			dependencies = (
				8B75FB7228131F11006CD80D /* PBXTargetDependency */,
			);
			name = StrategistReaderUITests;
			productName = StrategistReaderUITests;
			productReference = 8B75FB7028131F11006CD80D /* StrategistReaderUITests.xctest */;
			productType = "com.apple.product-type.bundle.ui-testing";
		};
/* End PBXNativeTarget section */

/* Begin PBXProject section */
		8B75FB4828131F0E006CD80D /* Project object */ = {
			isa = PBXProject;
			attributes = {
				BuildIndependentTargetsInParallel = 1;
				LastSwiftUpdateCheck = 1330;
				LastUpgradeCheck = 1330;
				TargetAttributes = {
					8B75FB4F28131F0E006CD80D = {
						CreatedOnToolsVersion = 13.3.1;
					};
					8B75FB6528131F11006CD80D = {
						CreatedOnToolsVersion = 13.3.1;
						TestTargetID = 8B75FB4F28131F0E006CD80D;
					};
					8B75FB6F28131F11006CD80D = {
						CreatedOnToolsVersion = 13.3.1;
						TestTargetID = 8B75FB4F28131F0E006CD80D;
					};
				};
			};
			buildConfigurationList = 8B75FB4B28131F0E006CD80D /* Build configuration list for PBXProject "StrategistReader" */;
			compatibilityVersion = "Xcode 13.0";
			developmentRegion = en;
			hasScannedForEncodings = 0;
			knownRegions = (
				en,
				Base,
			);
			mainGroup = 8B75FB4728131F0E006CD80D;
			productRefGroup = 8B75FB5128131F0E006CD80D /* Products */;
			projectDirPath = "";
			projectRoot = "";
			targets = (
				8B75FB4F28131F0E006CD80D /* StrategistReader */,
				8B75FB6528131F11006CD80D /* StrategistReaderTests */,
				8B75FB6F28131F11006CD80D /* StrategistReaderUITests */,
			);
		};
/* End PBXProject section */

/* Begin PBXResourcesBuildPhase section */
		8B75FB4E28131F0E006CD80D /* Resources */ = {
			isa = PBXResourcesBuildPhase;
			buildActionMask = 2147483647;
			files = (
				8B75FB6028131F11006CD80D /* LaunchScreen.storyboard in Resources */,
				8B75FB5D28131F11006CD80D /* Assets.xcassets in Resources */,
				8B75FB5B28131F0E006CD80D /* Main.storyboard in Resources */,
			);
			runOnlyForDeploymentPostprocessing = 0;
		};
		8B75FB6428131F11006CD80D /* Resources */ = {
			isa = PBXResourcesBuildPhase;
			buildActionMask = 2147483647;
			files = (
			);
			runOnlyForDeploymentPostprocessing = 0;
		};
		8B75FB6E28131F11006CD80D /* Resources */ = {
			isa = PBXResourcesBuildPhase;
			buildActionMask = 2147483647;
			files = (
			);
			runOnlyForDeploymentPostprocessing = 0;
		};
/* End PBXResourcesBuildPhase section */

/* Begin PBXSourcesBuildPhase section */
		8B75FB4C28131F0E006CD80D /* Sources */ = {
			isa = PBXSourcesBuildPhase;
			buildActionMask = 2147483647;
			files = (
				8B75FB5828131F0E006CD80D /* ViewController.swift in Sources */,
				8B75FB5428131F0E006CD80D /* AppDelegate.swift in Sources */,
				8B75FB5628131F0E006CD80D /* SceneDelegate.swift in Sources */,
			);
			runOnlyForDeploymentPostprocessing = 0;
		};
		8B75FB6228131F11006CD80D /* Sources */ = {
			isa = PBXSourcesBuildPhase;
			buildActionMask = 2147483647;
			files = (
				8B75FB6B28131F11006CD80D /* StrategistReaderTests.swift in Sources */,
			);
			runOnlyForDeploymentPostprocessing = 0;
		};
		8B75FB6C28131F11006CD80D /* Sources */ = {
			isa = PBXSourcesBuildPhase;
			buildActionMask = 2147483647;
			files = (
				8B75FB7528131F11006CD80D /* StrategistReaderUITests.swift in Sources */,
				8B75FB7728131F11006CD80D /* StrategistReaderUITestsLaunchTests.swift in Sources */,
			);
			runOnlyForDeploymentPostprocessing = 0;
		};
/* End PBXSourcesBuildPhase section */

/* Begin PBXTargetDependency section */
		8B75FB6828131F11006CD80D /* PBXTargetDependency */ = {
			isa = PBXTargetDependency;
			target = 8B75FB4F28131F0E006CD80D /* StrategistReader */;
			targetProxy = 8B75FB6728131F11006CD80D /* PBXContainerItemProxy */;
		};
		8B75FB7228131F11006CD80D /* PBXTargetDependency */ = {
			isa = PBXTargetDependency;
			target = 8B75FB4F28131F0E006CD80D /* StrategistReader */;
			targetProxy = 8B75FB7128131F11006CD80D /* PBXContainerItemProxy */;
		};
/* End PBXTargetDependency section */

/* Begin PBXVariantGroup section */
		8B75FB5928131F0E006CD80D /* Main.storyboard */ = {
			isa = PBXVariantGroup;
			children = (
				8B75FB5A28131F0E006CD80D /* Base */,
			);
			name = Main.storyboard;
			sourceTree = "<group>";
		};
		8B75FB5E28131F11006CD80D /* LaunchScreen.storyboard */ = {
			isa = PBXVariantGroup;
			children = (
				8B75FB5F28131F11006CD80D /* Base */,
			);
			name = LaunchScreen.storyboard;
			sourceTree = "<group>";
		};
/* End PBXVariantGroup section */

/* Begin XCBuildConfiguration section */
		8B75FB7828131F11006CD80D /* Debug */ = {
			isa = XCBuildConfiguration;
			buildSettings = {
				ALWAYS_SEARCH_USER_PATHS = NO;
				CLANG_ANALYZER_NONNULL = YES;
				CLANG_ANALYZER_NUMBER_OBJECT_CONVERSION = YES_AGGRESSIVE;
				CLANG_CXX_LANGUAGE_STANDARD = "gnu++17";
				CLANG_ENABLE_MODULES = YES;
				CLANG_ENABLE_OBJC_ARC = YES;
				CLANG_ENABLE_OBJC_WEAK = YES;
				CLANG_WARN_BLOCK_CAPTURE_AUTORELEASING = YES;
				CLANG_WARN_BOOL_CONVERSION = YES;
				CLANG_WARN_COMMA = YES;
				CLANG_WARN_CONSTANT_CONVERSION = YES;
				CLANG_WARN_DEPRECATED_OBJC_IMPLEMENTATIONS = YES;
				CLANG_WARN_DIRECT_OBJC_ISA_USAGE = YES_ERROR;
				CLANG_WARN_DOCUMENTATION_COMMENTS = YES;
				CLANG_WARN_EMPTY_BODY = YES;
				CLANG_WARN_ENUM_CONVERSION = YES;
				CLANG_WARN_INFINITE_RECURSION = YES;
				CLANG_WARN_INT_CONVERSION = YES;
				CLANG_WARN_NON_LITERAL_NULL_CONVERSION = YES;
				CLANG_WARN_OBJC_IMPLICIT_RETAIN_SELF = YES;
				CLANG_WARN_OBJC_LITERAL_CONVERSION = YES;
				CLANG_WARN_OBJC_ROOT_CLASS = YES_ERROR;
				CLANG_WARN_QUOTED_INCLUDE_IN_FRAMEWORK_HEADER = YES;
				CLANG_WARN_RANGE_LOOP_ANALYSIS = YES;
				CLANG_WARN_STRICT_PROTOTYPES = YES;
				CLANG_WARN_SUSPICIOUS_MOVE = YES;
				CLANG_WARN_UNGUARDED_AVAILABILITY = YES_AGGRESSIVE;
				CLANG_WARN_UNREACHABLE_CODE = YES;
				CLANG_WARN__DUPLICATE_METHOD_MATCH = YES;
				COPY_PHASE_STRIP = NO;
				DEBUG_INFORMATION_FORMAT = dwarf;
				ENABLE_STRICT_OBJC_MSGSEND = YES;
				ENABLE_TESTABILITY = YES;
				GCC_C_LANGUAGE_STANDARD = gnu11;
				GCC_DYNAMIC_NO_PIC = NO;
				GCC_NO_COMMON_BLOCKS = YES;
				GCC_OPTIMIZATION_LEVEL = 0;
				GCC_PREPROCESSOR_DEFINITIONS = (
					"DEBUG=1",
					"$(inherited)",
				);
				GCC_WARN_64_TO_32_BIT_CONVERSION = YES;
				GCC_WARN_ABOUT_RETURN_TYPE = YES_ERROR;
				GCC_WARN_UNDECLARED_SELECTOR = YES;
				GCC_WARN_UNINITIALIZED_AUTOS = YES_AGGRESSIVE;
				GCC_WARN_UNUSED_FUNCTION = YES;
				GCC_WARN_UNUSED_VARIABLE = YES;
				IPHONEOS_DEPLOYMENT_TARGET = 15.4;
				MTL_ENABLE_DEBUG_INFO = INCLUDE_SOURCE;
				MTL_FAST_MATH = YES;
				ONLY_ACTIVE_ARCH = YES;
				SDKROOT = iphoneos;
				SWIFT_ACTIVE_COMPILATION_CONDITIONS = DEBUG;
				SWIFT_OPTIMIZATION_LEVEL = "-Onone";
			};
			name = Debug;
		};
		8B75FB7928131F11006CD80D /* Release */ = {
			isa = XCBuildConfiguration;
			buildSettings = {
				ALWAYS_SEARCH_USER_PATHS = NO;
				CLANG_ANALYZER_NONNULL = YES;
				CLANG_ANALYZER_NUMBER_OBJECT_CONVERSION = YES_AGGRESSIVE;
				CLANG_CXX_LANGUAGE_STANDARD = "gnu++17";
				CLANG_ENABLE_MODULES = YES;
				CLANG_ENABLE_OBJC_ARC = YES;
				CLANG_ENABLE_OBJC_WEAK = YES;
				CLANG_WARN_BLOCK_CAPTURE_AUTORELEASING = YES;
				CLANG_WARN_BOOL_CONVERSION = YES;
				CLANG_WARN_COMMA = YES;
				CLANG_WARN_CONSTANT_CONVERSION = YES;
				CLANG_WARN_DEPRECATED_OBJC_IMPLEMENTATIONS = YES;
				CLANG_WARN_DIRECT_OBJC_ISA_USAGE = YES_ERROR;
				CLANG_WARN_DOCUMENTATION_COMMENTS = YES;
				CLANG_WARN_EMPTY_BODY = YES;
				CLANG_WARN_ENUM_CONVERSION = YES;
				CLANG_WARN_INFINITE_RECURSION = YES;
				CLANG_WARN_INT_CONVERSION = YES;
				CLANG_WARN_NON_LITERAL_NULL_CONVERSION = YES;
				CLANG_WARN_OBJC_IMPLICIT_RETAIN_SELF = YES;
				CLANG_WARN_OBJC_LITERAL_CONVERSION = YES;
				CLANG_WARN_OBJC_ROOT_CLASS = YES_ERROR;
				CLANG_WARN_QUOTED_INCLUDE_IN_FRAMEWORK_HEADER = YES;
				CLANG_WARN_RANGE_LOOP_ANALYSIS = YES;
				CLANG_WARN_STRICT_PROTOTYPES = YES;
				CLANG_WARN_SUSPICIOUS_MOVE = YES;
				CLANG_WARN_UNGUARDED_AVAILABILITY = YES_AGGRESSIVE;
				CLANG_WARN_UNREACHABLE_CODE = YES;
				CLANG_WARN__DUPLICATE_METHOD_MATCH = YES;
				COPY_PHASE_STRIP = NO;
				DEBUG_INFORMATION_FORMAT = "dwarf-with-dsym";
				ENABLE_NS_ASSERTIONS = NO;
				ENABLE_STRICT_OBJC_MSGSEND = YES;
				GCC_C_LANGUAGE_STANDARD = gnu11;
				GCC_NO_COMMON_BLOCKS = YES;
				GCC_WARN_64_TO_32_BIT_CONVERSION = YES;
				GCC_WARN_ABOUT_RETURN_TYPE = YES_ERROR;
				GCC_WARN_UNDECLARED_SELECTOR = YES;
				GCC_WARN_UNINITIALIZED_AUTOS = YES_AGGRESSIVE;
				GCC_WARN_UNUSED_FUNCTION = YES;
				GCC_WARN_UNUSED_VARIABLE = YES;
				IPHONEOS_DEPLOYMENT_TARGET = 15.4;
				MTL_ENABLE_DEBUG_INFO = NO;
				MTL_FAST_MATH = YES;
				SDKROOT = iphoneos;
				SWIFT_COMPILATION_MODE = wholemodule;
				SWIFT_OPTIMIZATION_LEVEL = "-O";
				VALIDATE_PRODUCT = YES;
			};
			name = Release;
		};
		8B75FB7B28131F11006CD80D /* Debug */ = {
			isa = XCBuildConfiguration;
			buildSettings = {
				ASSETCATALOG_COMPILER_APPICON_NAME = AppIcon;
				ASSETCATALOG_COMPILER_GLOBAL_ACCENT_COLOR_NAME = AccentColor;
				CODE_SIGN_STYLE = Automatic;
				CURRENT_PROJECT_VERSION = 1;
				DEVELOPMENT_TEAM = Z247G8X22D;
				GENERATE_INFOPLIST_FILE = YES;
				INFOPLIST_FILE = StrategistReader/Info.plist;
				INFOPLIST_KEY_UIApplicationSupportsIndirectInputEvents = YES;
				INFOPLIST_KEY_UILaunchStoryboardName = LaunchScreen;
				INFOPLIST_KEY_UIMainStoryboardFile = Main;
				INFOPLIST_KEY_UISupportedInterfaceOrientations_iPad = "UIInterfaceOrientationPortrait UIInterfaceOrientationPortraitUpsideDown UIInterfaceOrientationLandscapeLeft UIInterfaceOrientationLandscapeRight";
				INFOPLIST_KEY_UISupportedInterfaceOrientations_iPhone = "UIInterfaceOrientationPortrait UIInterfaceOrientationLandscapeLeft UIInterfaceOrientationLandscapeRight";
				LD_RUNPATH_SEARCH_PATHS = (
					"$(inherited)",
					"@executable_path/Frameworks",
				);
				MARKETING_VERSION = 1.0;
				PRODUCT_BUNDLE_IDENTIFIER = com.tripim.StrategistReader;
				PRODUCT_NAME = "$(TARGET_NAME)";
				SWIFT_EMIT_LOC_STRINGS = YES;
				SWIFT_VERSION = 5.0;
				TARGETED_DEVICE_FAMILY = "1,2";
			};
			name = Debug;
		};
		8B75FB7C28131F11006CD80D /* Release */ = {
			isa = XCBuildConfiguration;
			buildSettings = {
				ASSETCATALOG_COMPILER_APPICON_NAME = AppIcon;
				ASSETCATALOG_COMPILER_GLOBAL_ACCENT_COLOR_NAME = AccentColor;
				CODE_SIGN_STYLE = Automatic;
				CURRENT_PROJECT_VERSION = 1;
				DEVELOPMENT_TEAM = Z247G8X22D;
				GENERATE_INFOPLIST_FILE = YES;
				INFOPLIST_FILE = StrategistReader/Info.plist;
				INFOPLIST_KEY_UIApplicationSupportsIndirectInputEvents = YES;
				INFOPLIST_KEY_UILaunchStoryboardName = LaunchScreen;
				INFOPLIST_KEY_UIMainStoryboardFile = Main;
				INFOPLIST_KEY_UISupportedInterfaceOrientations_iPad = "UIInterfaceOrientationPortrait UIInterfaceOrientationPortraitUpsideDown UIInterfaceOrientationLandscapeLeft UIInterfaceOrientationLandscapeRight";
				INFOPLIST_KEY_UISupportedInterfaceOrientations_iPhone = "UIInterfaceOrientationPortrait UIInterfaceOrientationLandscapeLeft UIInterfaceOrientationLandscapeRight";
				LD_RUNPATH_SEARCH_PATHS = (
					"$(inherited)",
					"@executable_path/Frameworks",
				);
				MARKETING_VERSION = 1.0;
				PRODUCT_BUNDLE_IDENTIFIER = com.tripim.StrategistReader;
				PRODUCT_NAME = "$(TARGET_NAME)";
				SWIFT_EMIT_LOC_STRINGS = YES;
				SWIFT_VERSION = 5.0;
				TARGETED_DEVICE_FAMILY = "1,2";
			};
			name = Release;
		};
		8B75FB7E28131F11006CD80D /* Debug */ = {
			isa = XCBuildConfiguration;
			buildSettings = {
				ALWAYS_EMBED_SWIFT_STANDARD_LIBRARIES = YES;
				BUNDLE_LOADER = "$(TEST_HOST)";
				CODE_SIGN_STYLE = Automatic;
				CURRENT_PROJECT_VERSION = 1;
				DEVELOPMENT_TEAM = Z247G8X22D;
				GENERATE_INFOPLIST_FILE = YES;
				IPHONEOS_DEPLOYMENT_TARGET = 15.4;
				MARKETING_VERSION = 1.0;
				PRODUCT_BUNDLE_IDENTIFIER = com.tripim.StrategistReaderTests;
				PRODUCT_NAME = "$(TARGET_NAME)";
				SWIFT_EMIT_LOC_STRINGS = NO;
				SWIFT_VERSION = 5.0;
				TARGETED_DEVICE_FAMILY = "1,2";
				TEST_HOST = "$(BUILT_PRODUCTS_DIR)/StrategistReader.app/StrategistReader";
			};
			name = Debug;
		};
		8B75FB7F28131F11006CD80D /* Release */ = {
			isa = XCBuildConfiguration;
			buildSettings = {
				ALWAYS_EMBED_SWIFT_STANDARD_LIBRARIES = YES;
				BUNDLE_LOADER = "$(TEST_HOST)";
				CODE_SIGN_STYLE = Automatic;
				CURRENT_PROJECT_VERSION = 1;
				DEVELOPMENT_TEAM = Z247G8X22D;
				GENERATE_INFOPLIST_FILE = YES;
				IPHONEOS_DEPLOYMENT_TARGET = 15.4;
				MARKETING_VERSION = 1.0;
				PRODUCT_BUNDLE_IDENTIFIER = com.tripim.StrategistReaderTests;
				PRODUCT_NAME = "$(TARGET_NAME)";
				SWIFT_EMIT_LOC_STRINGS = NO;
				SWIFT_VERSION = 5.0;
				TARGETED_DEVICE_FAMILY = "1,2";
				TEST_HOST = "$(BUILT_PRODUCTS_DIR)/StrategistReader.app/StrategistReader";
			};
			name = Release;
		};
		8B75FB8128131F11006CD80D /* Debug */ = {
			isa = XCBuildConfiguration;
			buildSettings = {
				ALWAYS_EMBED_SWIFT_STANDARD_LIBRARIES = YES;
				CODE_SIGN_STYLE = Automatic;
				CURRENT_PROJECT_VERSION = 1;
				DEVELOPMENT_TEAM = Z247G8X22D;
				GENERATE_INFOPLIST_FILE = YES;
				MARKETING_VERSION = 1.0;
				PRODUCT_BUNDLE_IDENTIFIER = com.tripim.StrategistReaderUITests;
				PRODUCT_NAME = "$(TARGET_NAME)";
				SWIFT_EMIT_LOC_STRINGS = NO;
				SWIFT_VERSION = 5.0;
				TARGETED_DEVICE_FAMILY = "1,2";
				TEST_TARGET_NAME = StrategistReader;
			};
			name = Debug;
		};
		8B75FB8228131F11006CD80D /* Release */ = {
			isa = XCBuildConfiguration;
			buildSettings = {
				ALWAYS_EMBED_SWIFT_STANDARD_LIBRARIES = YES;
				CODE_SIGN_STYLE = Automatic;
				CURRENT_PROJECT_VERSION = 1;
				DEVELOPMENT_TEAM = Z247G8X22D;
				GENERATE_INFOPLIST_FILE = YES;
				MARKETING_VERSION = 1.0;
				PRODUCT_BUNDLE_IDENTIFIER = com.tripim.StrategistReaderUITests;
				PRODUCT_NAME = "$(TARGET_NAME)";
				SWIFT_EMIT_LOC_STRINGS = NO;
				SWIFT_VERSION = 5.0;
				TARGETED_DEVICE_FAMILY = "1,2";
				TEST_TARGET_NAME = StrategistReader;
			};
			name = Release;
		};
/* End XCBuildConfiguration section */

/* Begin XCConfigurationList section */
		8B75FB4B28131F0E006CD80D /* Build configuration list for PBXProject "StrategistReader" */ = {
			isa = XCConfigurationList;
			buildConfigurations = (
				8B75FB7828131F11006CD80D /* Debug */,
				8B75FB7928131F11006CD80D /* Release */,
			);
			defaultConfigurationIsVisible = 0;
			defaultConfigurationName = Release;
		};
		8B75FB7A28131F11006CD80D /* Build configuration list for PBXNativeTarget "StrategistReader" */ = {
			isa = XCConfigurationList;
			buildConfigurations = (
				8B75FB7B28131F11006CD80D /* Debug */,
				8B75FB7C28131F11006CD80D /* Release */,
			);
			defaultConfigurationIsVisible = 0;
			defaultConfigurationName = Release;
		};
		8B75FB7D28131F11006CD80D /* Build configuration list for PBXNativeTarget "StrategistReaderTests" */ = {
			isa = XCConfigurationList;
			buildConfigurations = (
				8B75FB7E28131F11006CD80D /* Debug */,
				8B75FB7F28131F11006CD80D /* Release */,
			);
			defaultConfigurationIsVisible = 0;
			defaultConfigurationName = Release;
		};
		8B75FB8028131F11006CD80D /* Build configuration list for PBXNativeTarget "StrategistReaderUITests" */ = {
			isa = XCConfigurationList;
			buildConfigurations = (
				8B75FB8128131F11006CD80D /* Debug */,
				8B75FB8228131F11006CD80D /* Release */,
			);
			defaultConfigurationIsVisible = 0;
			defaultConfigurationName = Release;
		};
/* End XCConfigurationList section */
	};
	rootObject = 8B75FB4828131F0E006CD80D /* Project object */;
}
